
Microsoft Visual Studio Solution File, Format Version 12.00
# Visual Studio Version 17
VisualStudioVersion = 17.14.36310.24 d17.14
MinimumVisualStudioVersion = 10.0.40219.1
Project("{FAE04EC0-301F-11D3-BF4B-00C04F79EFBC}") = "TraineeConsoleDB", "TraineeConsoleDB\TraineeConsoleDB.csproj", "{151CE280-54BD-40CE-B4BF-0171F8ACEBDA}"
EndProject
Global
	GlobalSection(SolutionConfigurationPlatforms) = preSolution
		Debug|Any CPU = Debug|Any CPU
		Release|Any CPU = Release|Any CPU
	EndGlobalSection
	GlobalSection(ProjectConfigurationPlatforms) = postSolution
		{151CE280-54BD-40CE-B4BF-0171F8ACEBDA}.Debug|Any CPU.ActiveCfg = Debug|Any CPU
		{151CE280-54BD-40CE-B4BF-0171F8ACEBDA}.Debug|Any CPU.Build.0 = Debug|Any CPU
		{151CE280-54BD-40CE-B4BF-0171F8ACEBDA}.Release|Any CPU.ActiveCfg = Release|Any CPU
		{151CE280-54BD-40CE-B4BF-0171F8ACEBDA}.Release|Any CPU.Build.0 = Release|Any CPU
	EndGlobalSection
	GlobalSection(SolutionProperties) = preSolution
		HideSolutionNode = FALSE
	EndGlobalSection
	GlobalSection(ExtensibilityGlobals) = postSolution
		SolutionGuid = {C75421A6-9E8A-42F8-8F78-DA62E1B38216}
	EndGlobalSection
EndGlobal
